{
  "name": "tcms-test-runner",
  "version": "1.0.0",
  "lockfileVersion": 3,
  "requires": true,
  "packages": {
    "": {
      "name": "tcms-test-runner",
      "version": "1.0.0",
      "license": "ISC",
      "dependencies": {
        "@paralleldrive/cuid2": "^2.2.2",
        "@prisma/client": "^6.4.0"
      },
      "devDependencies": {
        "@types/node": "^22.13.4",
        "typescript": "^5.7.3"
      }
    },
    "node_modules/@noble/hashes": {
      "version": "1.7.1",
      "resolved": "https://registry.npmjs.org/@noble/hashes/-/hashes-1.7.1.tgz",
      "integrity": "sha512-B8XBPsn4vT/KJAGqDzbwztd+6Yte3P4V7iafm24bxgDe/mlRuK6xmWPuCNrKt2vDafZ8MfJLlchDG/vYafQEjQ==",
      "license": "MIT",
      "engines": {
        "node": "^14.21.3 || >=16"
      },
      "funding": {
        "url": "https://paulmillr.com/funding/"
      }
    },
    "node_modules/@paralleldrive/cuid2": {
      "version": "2.2.2",
      "resolved": "https://registry.npmjs.org/@paralleldrive/cuid2/-/cuid2-2.2.2.tgz",
      "integrity": "sha512-ZOBkgDwEdoYVlSeRbYYXs0S9MejQofiVYoTbKzy/6GQa39/q5tQU2IX46+shYnUkpEl3wc+J6wRlar7r2EK2xA==",
      "license": "MIT",
      "dependencies": {
        "@noble/hashes": "^1.1.5"
      }
    },
    "node_modules/@prisma/client": {
      "version": "6.4.0",
      "resolved": "https://registry.npmjs.org/@prisma/client/-/client-6.4.0.tgz",
      "integrity": "sha512-48tLb+VL7iuuqJXjD4Xbqa622fuh8UtqmjTf39AKrQjlTUdNaMc9sC/c49eXQkcnrAdh9FoS1qVupmZSYiZ9TQ==",
      "hasInstallScript": true,
      "license": "Apache-2.0",
      "engines": {
        "node": ">=18.18"
      },
      "peerDependencies": {
        "prisma": "*",
        "typescript": ">=5.1.0"
      },
      "peerDependenciesMeta": {
        "prisma": {
          "optional": true
        },
        "typescript": {
          "optional": true
        }
      }
    },
    "node_modules/@types/node": {
      "version": "22.13.4",
      "resolved": "https://registry.npmjs.org/@types/node/-/node-22.13.4.tgz",
      "integrity": "sha512-ywP2X0DYtX3y08eFVx5fNIw7/uIv8hYUKgXoK8oayJlLnKcRfEYCxWMVE1XagUdVtCJlZT1AU4LXEABW+L1Peg==",
      "dev": true,
      "license": "MIT",
      "dependencies": {
        "undici-types": "~6.20.0"
      }
    },
    "node_modules/typescript": {
      "version": "5.7.3",
      "resolved": "https://registry.npmjs.org/typescript/-/typescript-5.7.3.tgz",
      "integrity": "sha512-84MVSjMEHP+FQRPy3pX9sTVV/INIex71s9TL2Gm5FG/WG1SqXeKyZ0k7/blY/4FdOzI12CBy1vGc4og/eus0fw==",
      "devOptional": true,
      "license": "Apache-2.0",
      "bin": {
        "tsc": "bin/tsc",
        "tsserver": "bin/tsserver"
      },
      "engines": {
        "node": ">=14.17"
      }
    },
    "node_modules/undici-types": {
      "version": "6.20.0",
      "resolved": "https://registry.npmjs.org/undici-types/-/undici-types-6.20.0.tgz",
      "integrity": "sha512-Ny6QZ2Nju20vw1SRHe3d9jVu6gJ+4e3+MMpqu7pqE5HT6WsTSlce++GQmK5UXS8mzV8DSYHrQH+Xrf2jVcuKNg==",
      "dev": true,
      "license": "MIT"
    }
  }
}
